
Microsoft Visual Studio Solution File, Format Version 12.00
Project("{FAE04EC0-301F-11D3-BF4B-00C04F79EFBC}") = "VoicerStudio.Api", "src\VoicerStudio.Api\VoicerStudio.Api.csproj", "{741C9A27-037B-431D-931E-4DAFFDCB4B2A}"
EndProject
Project("{FAE04EC0-301F-11D3-BF4B-00C04F79EFBC}") = "VoicerStudio.Application", "src\VoicerStudio.Application\VoicerStudio.Application.csproj", "{8B0128DF-5C64-4592-9B0D-E675F59C70AB}"
EndProject
Project("{FAE04EC0-301F-11D3-BF4B-00C04F79EFBC}") = "VoicerStudio.TelegramBot", "src\VoicerStudio.TelegramBot\VoicerStudio.TelegramBot.csproj", "{447CF973-8BC7-4988-84F2-C711C88A613B}"
EndProject
Project("{FAE04EC0-301F-11D3-BF4B-00C04F79EFBC}") = "VoicerStudio.Database", "src\VoicerStudio.Database\VoicerStudio.Database.csproj", "{4C7D1571-5E31-4536-B2F4-E119E239B486}"
EndProject
Project("{FAE04EC0-301F-11D3-BF4B-00C04F79EFBC}") = "VoicerStudio.Api.Shared", "src\VoicerStudio.Api.Shared\VoicerStudio.Api.Shared.csproj", "{032E88FF-82FC-4C2B-B0C5-99AA9D249BAB}"
EndProject
Global
	GlobalSection(SolutionConfigurationPlatforms) = preSolution
		Debug|Any CPU = Debug|Any CPU
		Release|Any CPU = Release|Any CPU
	EndGlobalSection
	GlobalSection(ProjectConfigurationPlatforms) = postSolution
		{741C9A27-037B-431D-931E-4DAFFDCB4B2A}.Debug|Any CPU.ActiveCfg = Debug|Any CPU
		{741C9A27-037B-431D-931E-4DAFFDCB4B2A}.Debug|Any CPU.Build.0 = Debug|Any CPU
		{741C9A27-037B-431D-931E-4DAFFDCB4B2A}.Release|Any CPU.ActiveCfg = Release|Any CPU
		{741C9A27-037B-431D-931E-4DAFFDCB4B2A}.Release|Any CPU.Build.0 = Release|Any CPU
		{8B0128DF-5C64-4592-9B0D-E675F59C70AB}.Debug|Any CPU.ActiveCfg = Debug|Any CPU
		{8B0128DF-5C64-4592-9B0D-E675F59C70AB}.Debug|Any CPU.Build.0 = Debug|Any CPU
		{8B0128DF-5C64-4592-9B0D-E675F59C70AB}.Release|Any CPU.ActiveCfg = Release|Any CPU
		{8B0128DF-5C64-4592-9B0D-E675F59C70AB}.Release|Any CPU.Build.0 = Release|Any CPU
		{447CF973-8BC7-4988-84F2-C711C88A613B}.Debug|Any CPU.ActiveCfg = Debug|Any CPU
		{447CF973-8BC7-4988-84F2-C711C88A613B}.Debug|Any CPU.Build.0 = Debug|Any CPU
		{447CF973-8BC7-4988-84F2-C711C88A613B}.Release|Any CPU.ActiveCfg = Release|Any CPU
		{447CF973-8BC7-4988-84F2-C711C88A613B}.Release|Any CPU.Build.0 = Release|Any CPU
		{4C7D1571-5E31-4536-B2F4-E119E239B486}.Debug|Any CPU.ActiveCfg = Debug|Any CPU
		{4C7D1571-5E31-4536-B2F4-E119E239B486}.Debug|Any CPU.Build.0 = Debug|Any CPU
		{4C7D1571-5E31-4536-B2F4-E119E239B486}.Release|Any CPU.ActiveCfg = Release|Any CPU
		{4C7D1571-5E31-4536-B2F4-E119E239B486}.Release|Any CPU.Build.0 = Release|Any CPU
		{032E88FF-82FC-4C2B-B0C5-99AA9D249BAB}.Debug|Any CPU.ActiveCfg = Debug|Any CPU
		{032E88FF-82FC-4C2B-B0C5-99AA9D249BAB}.Debug|Any CPU.Build.0 = Debug|Any CPU
		{032E88FF-82FC-4C2B-B0C5-99AA9D249BAB}.Release|Any CPU.ActiveCfg = Release|Any CPU
		{032E88FF-82FC-4C2B-B0C5-99AA9D249BAB}.Release|Any CPU.Build.0 = Release|Any CPU
	EndGlobalSection
EndGlobal
